
Microsoft Visual Studio Solution File, Format Version 12.00
# Visual Studio Version 17
VisualStudioVersion = 17.14.36511.14 d17.14
MinimumVisualStudioVersion = 10.0.40219.1
Project("{FAE04EC0-301F-11D3-BF4B-00C04F79EFBC}") = "PRN232.LMS.API", "PRN232.LMS.API\PRN232.LMS.API.csproj", "{0723A5F8-9FCF-4C66-9658-8CC33462E92A}"
EndProject
Project("{FAE04EC0-301F-11D3-BF4B-00C04F79EFBC}") = "PRN232.LMS.Services", "PRN232.LMS.Services\PRN232.LMS.Services.csproj", "{876C7EAE-98D0-43F4-8AD6-34F43DE3142D}"
EndProject
Project("{FAE04EC0-301F-11D3-BF4B-00C04F79EFBC}") = "PRN232.LMS.Repositories", "PRN232.LMS.Repositories\PRN232.LMS.Repositories.csproj", "{60FE2A24-173E-40E1-9C36-1D57455FB773}"
EndProject
Global
	GlobalSection(SolutionConfigurationPlatforms) = preSolution
		Debug|Any CPU = Debug|Any CPU
		Release|Any CPU = Release|Any CPU
	EndGlobalSection
	GlobalSection(ProjectConfigurationPlatforms) = postSolution
		{0723A5F8-9FCF-4C66-9658-8CC33462E92A}.Debug|Any CPU.ActiveCfg = Debug|Any CPU
		{0723A5F8-9FCF-4C66-9658-8CC33462E92A}.Debug|Any CPU.Build.0 = Debug|Any CPU
		{0723A5F8-9FCF-4C66-9658-8CC33462E92A}.Release|Any CPU.ActiveCfg = Release|Any CPU
		{0723A5F8-9FCF-4C66-9658-8CC33462E92A}.Release|Any CPU.Build.0 = Release|Any CPU
		{876C7EAE-98D0-43F4-8AD6-34F43DE3142D}.Debug|Any CPU.ActiveCfg = Debug|Any CPU
		{876C7EAE-98D0-43F4-8AD6-34F43DE3142D}.Debug|Any CPU.Build.0 = Debug|Any CPU
		{876C7EAE-98D0-43F4-8AD6-34F43DE3142D}.Release|Any CPU.ActiveCfg = Release|Any CPU
		{876C7EAE-98D0-43F4-8AD6-34F43DE3142D}.Release|Any CPU.Build.0 = Release|Any CPU
		{60FE2A24-173E-40E1-9C36-1D57455FB773}.Debug|Any CPU.ActiveCfg = Debug|Any CPU
		{60FE2A24-173E-40E1-9C36-1D57455FB773}.Debug|Any CPU.Build.0 = Debug|Any CPU
		{60FE2A24-173E-40E1-9C36-1D57455FB773}.Release|Any CPU.ActiveCfg = Release|Any CPU
		{60FE2A24-173E-40E1-9C36-1D57455FB773}.Release|Any CPU.Build.0 = Release|Any CPU
	EndGlobalSection
	GlobalSection(SolutionProperties) = preSolution
		HideSolutionNode = FALSE
	EndGlobalSection
	GlobalSection(ExtensibilityGlobals) = postSolution
		SolutionGuid = {66CB040A-49D1-49A6-A790-00945C67E868}
	EndGlobalSection
EndGlobal
